{
  "EVAL.md": "44fe6ed75c691cedb2dd828d6bc5d4a0938371736a59cf05e519c404c7d2f4a3",
  "SPEC.md": "4f6d9b042f35c52314db7c497037694237719ee31d934e5d104b6a12e0e2853a",
  "eval/capture.spec.mjs": "24c141df399ef146851e30d13ba9bba4205e150a7a67d71270cce272873c69a1",
  "eval/cases.mjs": "d74e0636d8ef823142e35e54fb3a0bb2aecc3763426b692f2abeca3bb9a4ffd3",
  "eval/e2e/case.spec.mjs": "7b063df5ae3746d67c0e2a27162324f24e8b876cd017182efe893569b5781ce7",
  "eval/e2e/detail.spec.mjs": "d094db33fbe72697271211ebb8851b08fb79cc061c0096487087cac7ac54306b",
  "eval/e2e/display.spec.mjs": "e8a4523bacb802694afc613e6ef4e14a7b40a8e2857235944f49419da1e42ff7",
  "eval/e2e/feel.spec.mjs": "abd330970f78d9dc11d3551dde8e4a3328fe0050d820822e169d2bb3c6b42175",
  "eval/e2e/flicker.spec.mjs": "cb9118a03dbc5747632da5daba80debab66b749e8ac7dea917a197a860c659ba",
  "eval/e2e/functional.spec.mjs": "0bac12a1e2068f969b6b8eb64ae9930eb7065ee7a355553b5fdac08cf6f75f61",
  "eval/e2e/golden.spec.mjs": "2687770c063407eea3c1e6ee95c0161e48d1b17e58f2cf59f13305af773f4fa2",
  "eval/e2e/helpers.mjs": "1db0e262e824dc9a855ec6b3969112e836d9882a600c560ce391ec541f8973fe",
  "eval/e2e/look-geometry.spec.mjs": "5f3f173c0e95cb5911a4da0a202d3f36b5faede7c4b8875d7ad1dbc75ce45563",
  "eval/e2e/look-pixels.spec.mjs": "7a2a69a6ec5b3f401b33c5fd98e9952b3f58353e0dd14c46ba8af2cb38718343",
  "eval/e2e/look-structure.spec.mjs": "e95443e518002300469fd24cc06fe2ce932f4a8e360b5f422e2e8b66eb59c64e",
  "eval/e2e/look-tokens.spec.mjs": "360e36765f9761b81ef8abcf3ae0188527cbdad8a9510e6ff9fabed1bfc1e42d",
  "eval/e2e/mute.spec.mjs": "e8eed0888cda5896f0a231762005999431c2ca7bcbf2fcf6693ee0bfeb363cb4",
  "eval/e2e/pitch.spec.mjs": "b826e1f64dd2dd60e599ca83b1a611a78079e4a4dcf7d35eb57f3cf1b2fdbbc2",
  "eval/e2e/polish.spec.mjs": "93a0b015e6e2154ac068f5554f51e7bfaad9d5961c9b29eb60d1160dc18ad78a",
  "eval/e2e/smoke.spec.mjs": "5caf6919d009a04b52c259238ad4fabddba8f9600de9ae8abd7c0fce9b158a7d",
  "eval/e2e/sound.spec.mjs": "c8e427bc02d38c6cb9d51ef7092a8354544e30378720e4646c59307db1933863",
  "eval/e2e/switches.spec.mjs": "92556d9e3d49223a7900f36dd6f73540ad07203628a288ec25b3748def82873f",
  "eval/features.json": "168b0de174ebdc09c3795c14430c7856e48dbf31f7b55e9de80e627083943342",
  "eval/free-rubric.md": "d9b7b20bb95549ca7b39a3f083053a4adc3e8604614e23f5362a3644867104f9",
  "eval/golden.mjs": "63f4d7bc5253208fb389f6da1e5991e2c717092fd9233e080087942122967ea3",
  "eval/lock.mjs": "d5d810cadf9fffa1408c4f54950fe673e7f0c9c096dc28181429f34dcc361a69",
  "eval/run-eval.mjs": "4e73b676bd5fe2b979bcd61a4095e4b4113214f0395e3475f576e42fe6094977",
  "eval/unit/engine.spec.mjs": "63840f32e5dfb41c8ddbfda0804ee4ca384ba32919e0946274b4ccc557e2b98a",
  "eval/unit/integrity.spec.mjs": "70a2d5c4f6cbd4b26e822d3ffddd8fda026db5a3b607c992726aa6a948daced1",
  "eval/visual-rubric.md": "3ef059d68f946bf62445d54a999ae15372de9addba5431f77aff64f4954f901a",
  "playwright.config.mjs": "7fe40adb210903d34b6ef2fbcc0008e2df1e8a5d5252dba461b594a02c9bccf1",
  "spec/tokens.json": "896d2cd3df094464b54331affa702a751ec5ff66c907768a29c2139e3d8cbaf7"
}
